
Microsoft Visual Studio Solution File, Format Version 12.00
# Visual Studio 15
VisualStudioVersion = 15.0.28307.757
MinimumVisualStudioVersion = 10.0.40219.1
Project("{FAE04EC0-301F-11D3-BF4B-00C04F79EFBC}") = "CrossPlatformMobileTest.Android", "CrossPlatformMobileTest\CrossPlatformMobileTest.Android\CrossPlatformMobileTest.Android.csproj", "{07D0D705-F469-46B3-8A75-A63CBE8D9BF4}"
EndProject
Project("{FAE04EC0-301F-11D3-BF4B-00C04F79EFBC}") = "CrossPlatformMobileTest.iOS", "CrossPlatformMobileTest\CrossPlatformMobileTest.iOS\CrossPlatformMobileTest.iOS.csproj", "{246128F4-D3B4-46CE-B1A6-A35371E59FEF}"
EndProject
Project("{FAE04EC0-301F-11D3-BF4B-00C04F79EFBC}") = "CrossPlatformMobileTest.UWP", "CrossPlatformMobileTest\CrossPlatformMobileTest.UWP\CrossPlatformMobileTest.UWP.csproj", "{068C4F3C-93AE-42E2-AEA4-587459468D83}"
EndProject
Project("{FAE04EC0-301F-11D3-BF4B-00C04F79EFBC}") = "CrossPlatformMobileTest", "CrossPlatformMobileTest\CrossPlatformMobileTest\CrossPlatformMobileTest.csproj", "{8F72FC4C-F569-4243-9D40-210A60B880B5}"
EndProject
Global
	GlobalSection(SolutionConfigurationPlatforms) = preSolution
		Debug|Any CPU = Debug|Any CPU
		Debug|ARM = Debug|ARM
		Debug|iPhone = Debug|iPhone
		Debug|iPhoneSimulator = Debug|iPhoneSimulator
		Debug|x64 = Debug|x64
		Debug|x86 = Debug|x86
		Release|Any CPU = Release|Any CPU
		Release|ARM = Release|ARM
		Release|iPhone = Release|iPhone
		Release|iPhoneSimulator = Release|iPhoneSimulator
		Release|x64 = Release|x64
		Release|x86 = Release|x86
	EndGlobalSection
	GlobalSection(ProjectConfigurationPlatforms) = postSolution
		{07D0D705-F469-46B3-8A75-A63CBE8D9BF4}.Debug|Any CPU.ActiveCfg = Debug|Any CPU
		{07D0D705-F469-46B3-8A75-A63CBE8D9BF4}.Debug|Any CPU.Build.0 = Debug|Any CPU
		{07D0D705-F469-46B3-8A75-A63CBE8D9BF4}.Debug|Any CPU.Deploy.0 = Debug|Any CPU
		{07D0D705-F469-46B3-8A75-A63CBE8D9BF4}.Debug|ARM.ActiveCfg = Debug|Any CPU
		{07D0D705-F469-46B3-8A75-A63CBE8D9BF4}.Debug|ARM.Build.0 = Debug|Any CPU
		{07D0D705-F469-46B3-8A75-A63CBE8D9BF4}.Debug|ARM.Deploy.0 = Debug|Any CPU
		{07D0D705-F469-46B3-8A75-A63CBE8D9BF4}.Debug|iPhone.ActiveCfg = Debug|Any CPU
		{07D0D705-F469-46B3-8A75-A63CBE8D9BF4}.Debug|iPhone.Build.0 = Debug|Any CPU
		{07D0D705-F469-46B3-8A75-A63CBE8D9BF4}.Debug|iPhone.Deploy.0 = Debug|Any CPU
		{07D0D705-F469-46B3-8A75-A63CBE8D9BF4}.Debug|iPhoneSimulator.ActiveCfg = Debug|Any CPU
		{07D0D705-F469-46B3-8A75-A63CBE8D9BF4}.Debug|iPhoneSimulator.Build.0 = Debug|Any CPU
		{07D0D705-F469-46B3-8A75-A63CBE8D9BF4}.Debug|iPhoneSimulator.Deploy.0 = Debug|Any CPU
		{07D0D705-F469-46B3-8A75-A63CBE8D9BF4}.Debug|x64.ActiveCfg = Debug|Any CPU
		{07D0D705-F469-46B3-8A75-A63CBE8D9BF4}.Debug|x64.Build.0 = Debug|Any CPU
		{07D0D705-F469-46B3-8A75-A63CBE8D9BF4}.Debug|x64.Deploy.0 = Debug|Any CPU
		{07D0D705-F469-46B3-8A75-A63CBE8D9BF4}.Debug|x86.ActiveCfg = Debug|Any CPU
		{07D0D705-F469-46B3-8A75-A63CBE8D9BF4}.Debug|x86.Build.0 = Debug|Any CPU
		{07D0D705-F469-46B3-8A75-A63CBE8D9BF4}.Debug|x86.Deploy.0 = Debug|Any CPU
		{07D0D705-F469-46B3-8A75-A63CBE8D9BF4}.Release|Any CPU.ActiveCfg = Release|Any CPU
		{07D0D705-F469-46B3-8A75-A63CBE8D9BF4}.Release|Any CPU.Build.0 = Release|Any CPU
		{07D0D705-F469-46B3-8A75-A63CBE8D9BF4}.Release|Any CPU.Deploy.0 = Release|Any CPU
		{07D0D705-F469-46B3-8A75-A63CBE8D9BF4}.Release|ARM.ActiveCfg = Release|Any CPU
		{07D0D705-F469-46B3-8A75-A63CBE8D9BF4}.Release|ARM.Build.0 = Release|Any CPU
		{07D0D705-F469-46B3-8A75-A63CBE8D9BF4}.Release|ARM.Deploy.0 = Release|Any CPU
		{07D0D705-F469-46B3-8A75-A63CBE8D9BF4}.Release|iPhone.ActiveCfg = Release|Any CPU
		{07D0D705-F469-46B3-8A75-A63CBE8D9BF4}.Release|iPhone.Build.0 = Release|Any CPU
		{07D0D705-F469-46B3-8A75-A63CBE8D9BF4}.Release|iPhone.Deploy.0 = Release|Any CPU
		{07D0D705-F469-46B3-8A75-A63CBE8D9BF4}.Release|iPhoneSimulator.ActiveCfg = Release|Any CPU
		{07D0D705-F469-46B3-8A75-A63CBE8D9BF4}.Release|iPhoneSimulator.Build.0 = Release|Any CPU
		{07D0D705-F469-46B3-8A75-A63CBE8D9BF4}.Release|iPhoneSimulator.Deploy.0 = Release|Any CPU
		{07D0D705-F469-46B3-8A75-A63CBE8D9BF4}.Release|x64.ActiveCfg = Release|Any CPU
		{07D0D705-F469-46B3-8A75-A63CBE8D9BF4}.Release|x64.Build.0 = Release|Any CPU
		{07D0D705-F469-46B3-8A75-A63CBE8D9BF4}.Release|x64.Deploy.0 = Release|Any CPU
		{07D0D705-F469-46B3-8A75-A63CBE8D9BF4}.Release|x86.ActiveCfg = Release|Any CPU
		{07D0D705-F469-46B3-8A75-A63CBE8D9BF4}.Release|x86.Build.0 = Release|Any CPU
		{07D0D705-F469-46B3-8A75-A63CBE8D9BF4}.Release|x86.Deploy.0 = Release|Any CPU
		{246128F4-D3B4-46CE-B1A6-A35371E59FEF}.Debug|Any CPU.ActiveCfg = Debug|iPhoneSimulator
		{246128F4-D3B4-46CE-B1A6-A35371E59FEF}.Debug|Any CPU.Build.0 = Debug|iPhoneSimulator
		{246128F4-D3B4-46CE-B1A6-A35371E59FEF}.Debug|Any CPU.Deploy.0 = Debug|iPhoneSimulator
		{246128F4-D3B4-46CE-B1A6-A35371E59FEF}.Debug|ARM.ActiveCfg = Debug|iPhone
		{246128F4-D3B4-46CE-B1A6-A35371E59FEF}.Debug|ARM.Build.0 = Debug|iPhone
		{246128F4-D3B4-46CE-B1A6-A35371E59FEF}.Debug|ARM.Deploy.0 = Debug|iPhone
		{246128F4-D3B4-46CE-B1A6-A35371E59FEF}.Debug|iPhone.ActiveCfg = Debug|iPhone
		{246128F4-D3B4-46CE-B1A6-A35371E59FEF}.Debug|iPhone.Build.0 = Debug|iPhone
		{246128F4-D3B4-46CE-B1A6-A35371E59FEF}.Debug|iPhone.Deploy.0 = Debug|iPhone
		{246128F4-D3B4-46CE-B1A6-A35371E59FEF}.Debug|iPhoneSimulator.ActiveCfg = Debug|iPhoneSimulator
		{246128F4-D3B4-46CE-B1A6-A35371E59FEF}.Debug|iPhoneSimulator.Build.0 = Debug|iPhoneSimulator
		{246128F4-D3B4-46CE-B1A6-A35371E59FEF}.Debug|iPhoneSimulator.Deploy.0 = Debug|iPhoneSimulator
		{246128F4-D3B4-46CE-B1A6-A35371E59FEF}.Debug|x64.ActiveCfg = Debug|iPhone
		{246128F4-D3B4-46CE-B1A6-A35371E59FEF}.Debug|x64.Build.0 = Debug|iPhone
		{246128F4-D3B4-46CE-B1A6-A35371E59FEF}.Debug|x64.Deploy.0 = Debug|iPhone
		{246128F4-D3B4-46CE-B1A6-A35371E59FEF}.Debug|x86.ActiveCfg = Debug|iPhone
		{246128F4-D3B4-46CE-B1A6-A35371E59FEF}.Debug|x86.Build.0 = Debug|iPhone
		{246128F4-D3B4-46CE-B1A6-A35371E59FEF}.Debug|x86.Deploy.0 = Debug|iPhone
		{246128F4-D3B4-46CE-B1A6-A35371E59FEF}.Release|Any CPU.ActiveCfg = Release|iPhone
		{246128F4-D3B4-46CE-B1A6-A35371E59FEF}.Release|Any CPU.Build.0 = Release|iPhone
		{246128F4-D3B4-46CE-B1A6-A35371E59FEF}.Release|Any CPU.Deploy.0 = Release|iPhone
		{246128F4-D3B4-46CE-B1A6-A35371E59FEF}.Release|ARM.ActiveCfg = Release|iPhone
		{246128F4-D3B4-46CE-B1A6-A35371E59FEF}.Release|ARM.Build.0 = Release|iPhone
		{246128F4-D3B4-46CE-B1A6-A35371E59FEF}.Release|ARM.Deploy.0 = Release|iPhone
		{246128F4-D3B4-46CE-B1A6-A35371E59FEF}.Release|iPhone.ActiveCfg = Release|iPhone
		{246128F4-D3B4-46CE-B1A6-A35371E59FEF}.Release|iPhone.Build.0 = Release|iPhone
		{246128F4-D3B4-46CE-B1A6-A35371E59FEF}.Release|iPhone.Deploy.0 = Release|iPhone
		{246128F4-D3B4-46CE-B1A6-A35371E59FEF}.Release|iPhoneSimulator.ActiveCfg = Release|iPhoneSimulator
		{246128F4-D3B4-46CE-B1A6-A35371E59FEF}.Release|iPhoneSimulator.Build.0 = Release|iPhoneSimulator
		{246128F4-D3B4-46CE-B1A6-A35371E59FEF}.Release|iPhoneSimulator.Deploy.0 = Release|iPhoneSimulator
		{246128F4-D3B4-46CE-B1A6-A35371E59FEF}.Release|x64.ActiveCfg = Release|iPhone
		{246128F4-D3B4-46CE-B1A6-A35371E59FEF}.Release|x64.Build.0 = Release|iPhone
		{246128F4-D3B4-46CE-B1A6-A35371E59FEF}.Release|x64.Deploy.0 = Release|iPhone
		{246128F4-D3B4-46CE-B1A6-A35371E59FEF}.Release|x86.ActiveCfg = Release|iPhone
		{246128F4-D3B4-46CE-B1A6-A35371E59FEF}.Release|x86.Build.0 = Release|iPhone
		{246128F4-D3B4-46CE-B1A6-A35371E59FEF}.Release|x86.Deploy.0 = Release|iPhone
		{068C4F3C-93AE-42E2-AEA4-587459468D83}.Debug|Any CPU.ActiveCfg = Debug|x86
		{068C4F3C-93AE-42E2-AEA4-587459468D83}.Debug|Any CPU.Build.0 = Debug|x86
		{068C4F3C-93AE-42E2-AEA4-587459468D83}.Debug|Any CPU.Deploy.0 = Debug|x86
		{068C4F3C-93AE-42E2-AEA4-587459468D83}.Debug|ARM.ActiveCfg = Debug|ARM
		{068C4F3C-93AE-42E2-AEA4-587459468D83}.Debug|ARM.Build.0 = Debug|ARM
		{068C4F3C-93AE-42E2-AEA4-587459468D83}.Debug|ARM.Deploy.0 = Debug|ARM
		{068C4F3C-93AE-42E2-AEA4-587459468D83}.Debug|iPhone.ActiveCfg = Debug|x86
		{068C4F3C-93AE-42E2-AEA4-587459468D83}.Debug|iPhone.Build.0 = Debug|x86
		{068C4F3C-93AE-42E2-AEA4-587459468D83}.Debug|iPhone.Deploy.0 = Debug|x86
		{068C4F3C-93AE-42E2-AEA4-587459468D83}.Debug|iPhoneSimulator.ActiveCfg = Debug|x86
		{068C4F3C-93AE-42E2-AEA4-587459468D83}.Debug|iPhoneSimulator.Build.0 = Debug|x86
		{068C4F3C-93AE-42E2-AEA4-587459468D83}.Debug|iPhoneSimulator.Deploy.0 = Debug|x86
		{068C4F3C-93AE-42E2-AEA4-587459468D83}.Debug|x64.ActiveCfg = Debug|x64
		{068C4F3C-93AE-42E2-AEA4-587459468D83}.Debug|x64.Build.0 = Debug|x64
		{068C4F3C-93AE-42E2-AEA4-587459468D83}.Debug|x64.Deploy.0 = Debug|x64
		{068C4F3C-93AE-42E2-AEA4-587459468D83}.Debug|x86.ActiveCfg = Debug|x86
		{068C4F3C-93AE-42E2-AEA4-587459468D83}.Debug|x86.Build.0 = Debug|x86
		{068C4F3C-93AE-42E2-AEA4-587459468D83}.Debug|x86.Deploy.0 = Debug|x86
		{068C4F3C-93AE-42E2-AEA4-587459468D83}.Release|Any CPU.ActiveCfg = Release|x86
		{068C4F3C-93AE-42E2-AEA4-587459468D83}.Release|Any CPU.Build.0 = Release|x86
		{068C4F3C-93AE-42E2-AEA4-587459468D83}.Release|Any CPU.Deploy.0 = Release|x86
		{068C4F3C-93AE-42E2-AEA4-587459468D83}.Release|ARM.ActiveCfg = Release|ARM
		{068C4F3C-93AE-42E2-AEA4-587459468D83}.Release|ARM.Build.0 = Release|ARM
		{068C4F3C-93AE-42E2-AEA4-587459468D83}.Release|ARM.Deploy.0 = Release|ARM
		{068C4F3C-93AE-42E2-AEA4-587459468D83}.Release|iPhone.ActiveCfg = Release|x86
		{068C4F3C-93AE-42E2-AEA4-587459468D83}.Release|iPhone.Build.0 = Release|x86
		{068C4F3C-93AE-42E2-AEA4-587459468D83}.Release|iPhone.Deploy.0 = Release|x86
		{068C4F3C-93AE-42E2-AEA4-587459468D83}.Release|iPhoneSimulator.ActiveCfg = Release|x86
		{068C4F3C-93AE-42E2-AEA4-587459468D83}.Release|iPhoneSimulator.Build.0 = Release|x86
		{068C4F3C-93AE-42E2-AEA4-587459468D83}.Release|iPhoneSimulator.Deploy.0 = Release|x86
		{068C4F3C-93AE-42E2-AEA4-587459468D83}.Release|x64.ActiveCfg = Release|x64
		{068C4F3C-93AE-42E2-AEA4-587459468D83}.Release|x64.Build.0 = Release|x64
		{068C4F3C-93AE-42E2-AEA4-587459468D83}.Release|x64.Deploy.0 = Release|x64
		{068C4F3C-93AE-42E2-AEA4-587459468D83}.Release|x86.ActiveCfg = Release|x86
		{068C4F3C-93AE-42E2-AEA4-587459468D83}.Release|x86.Build.0 = Release|x86
		{068C4F3C-93AE-42E2-AEA4-587459468D83}.Release|x86.Deploy.0 = Release|x86
		{8F72FC4C-F569-4243-9D40-210A60B880B5}.Debug|Any CPU.ActiveCfg = Debug|Any CPU
		{8F72FC4C-F569-4243-9D40-210A60B880B5}.Debug|Any CPU.Build.0 = Debug|Any CPU
		{8F72FC4C-F569-4243-9D40-210A60B880B5}.Debug|Any CPU.Deploy.0 = Debug|Any CPU
		{8F72FC4C-F569-4243-9D40-210A60B880B5}.Debug|ARM.ActiveCfg = Debug|Any CPU
		{8F72FC4C-F569-4243-9D40-210A60B880B5}.Debug|ARM.Build.0 = Debug|Any CPU
		{8F72FC4C-F569-4243-9D40-210A60B880B5}.Debug|ARM.Deploy.0 = Debug|Any CPU
		{8F72FC4C-F569-4243-9D40-210A60B880B5}.Debug|iPhone.ActiveCfg = Debug|Any CPU
		{8F72FC4C-F569-4243-9D40-210A60B880B5}.Debug|iPhone.Build.0 = Debug|Any CPU
		{8F72FC4C-F569-4243-9D40-210A60B880B5}.Debug|iPhone.Deploy.0 = Debug|Any CPU
		{8F72FC4C-F569-4243-9D40-210A60B880B5}.Debug|iPhoneSimulator.ActiveCfg = Debug|Any CPU
		{8F72FC4C-F569-4243-9D40-210A60B880B5}.Debug|iPhoneSimulator.Build.0 = Debug|Any CPU
		{8F72FC4C-F569-4243-9D40-210A60B880B5}.Debug|iPhoneSimulator.Deploy.0 = Debug|Any CPU
		{8F72FC4C-F569-4243-9D40-210A60B880B5}.Debug|x64.ActiveCfg = Debug|Any CPU
		{8F72FC4C-F569-4243-9D40-210A60B880B5}.Debug|x64.Build.0 = Debug|Any CPU
		{8F72FC4C-F569-4243-9D40-210A60B880B5}.Debug|x64.Deploy.0 = Debug|Any CPU
		{8F72FC4C-F569-4243-9D40-210A60B880B5}.Debug|x86.ActiveCfg = Debug|Any CPU
		{8F72FC4C-F569-4243-9D40-210A60B880B5}.Debug|x86.Build.0 = Debug|Any CPU
		{8F72FC4C-F569-4243-9D40-210A60B880B5}.Debug|x86.Deploy.0 = Debug|Any CPU
		{8F72FC4C-F569-4243-9D40-210A60B880B5}.Release|Any CPU.ActiveCfg = Release|Any CPU
		{8F72FC4C-F569-4243-9D40-210A60B880B5}.Release|Any CPU.Build.0 = Release|Any CPU
		{8F72FC4C-F569-4243-9D40-210A60B880B5}.Release|Any CPU.Deploy.0 = Release|Any CPU
		{8F72FC4C-F569-4243-9D40-210A60B880B5}.Release|ARM.ActiveCfg = Release|Any CPU
		{8F72FC4C-F569-4243-9D40-210A60B880B5}.Release|ARM.Build.0 = Release|Any CPU
		{8F72FC4C-F569-4243-9D40-210A60B880B5}.Release|ARM.Deploy.0 = Release|Any CPU
		{8F72FC4C-F569-4243-9D40-210A60B880B5}.Release|iPhone.ActiveCfg = Release|Any CPU
		{8F72FC4C-F569-4243-9D40-210A60B880B5}.Release|iPhone.Build.0 = Release|Any CPU
		{8F72FC4C-F569-4243-9D40-210A60B880B5}.Release|iPhone.Deploy.0 = Release|Any CPU
		{8F72FC4C-F569-4243-9D40-210A60B880B5}.Release|iPhoneSimulator.ActiveCfg = Release|Any CPU
		{8F72FC4C-F569-4243-9D40-210A60B880B5}.Release|iPhoneSimulator.Build.0 = Release|Any CPU
		{8F72FC4C-F569-4243-9D40-210A60B880B5}.Release|iPhoneSimulator.Deploy.0 = Release|Any CPU
		{8F72FC4C-F569-4243-9D40-210A60B880B5}.Release|x64.ActiveCfg = Release|Any CPU
		{8F72FC4C-F569-4243-9D40-210A60B880B5}.Release|x64.Build.0 = Release|Any CPU
		{8F72FC4C-F569-4243-9D40-210A60B880B5}.Release|x64.Deploy.0 = Release|Any CPU
		{8F72FC4C-F569-4243-9D40-210A60B880B5}.Release|x86.ActiveCfg = Release|Any CPU
		{8F72FC4C-F569-4243-9D40-210A60B880B5}.Release|x86.Build.0 = Release|Any CPU
		{8F72FC4C-F569-4243-9D40-210A60B880B5}.Release|x86.Deploy.0 = Release|Any CPU
	EndGlobalSection
	GlobalSection(SolutionProperties) = preSolution
		HideSolutionNode = FALSE
	EndGlobalSection
	GlobalSection(ExtensibilityGlobals) = postSolution
		SolutionGuid = {362EEE2B-F58E-4055-BB27-378B0D5D5705}
	EndGlobalSection
EndGlobal
